// !$*UTF8*$!
{
	archiveVersion = 1;
	classes = {
	};
	objectVersion = 55;
	objects = {

/* Begin PBXBuildFile section */
		04F6457838D533118886CEC9 /* Pods_Wizgram.framework in Frameworks */ = {isa = PBXBuildFile; fileRef = 9A15F0CBDE5DF36FCAC103C5 /* Pods_Wizgram.framework */; };
		6D1FC0C6B70F4B9C8C19FD07 /* Pods_Wizgram_WizgramUITests.framework in Frameworks */ = {isa = PBXBuildFile; fileRef = 4F5C152CD7C350E97C2DB6D6 /* Pods_Wizgram_WizgramUITests.framework */; };
		7EF82F93A3D70E803C758A90 /* Pods_WizgramTests.framework in Frameworks */ = {isa = PBXBuildFile; fileRef = 3F2EBEF1A6042C0C84A47D7F /* Pods_WizgramTests.framework */; };
		927D573D27C7517B00AF9032 /* LoginViewController.swift in Sources */ = {isa = PBXBuildFile; fileRef = 927D573C27C7517B00AF9032 /* LoginViewController.swift */; };
		927D573F27C7518500AF9032 /* FeedViewController.swift in Sources */ = {isa = PBXBuildFile; fileRef = 927D573E27C7518500AF9032 /* FeedViewController.swift */; };
		927D574127C75AEE00AF9032 /* PostViewController.swift in Sources */ = {isa = PBXBuildFile; fileRef = 927D574027C75AEE00AF9032 /* PostViewController.swift */; };
		927D574327C77B1200AF9032 /* PostCell.swift in Sources */ = {isa = PBXBuildFile; fileRef = 927D574227C77B1200AF9032 /* PostCell.swift */; };
		92AFAA1F27C71973006B5C10 /* AppDelegate.swift in Sources */ = {isa = PBXBuildFile; fileRef = 92AFAA1E27C71973006B5C10 /* AppDelegate.swift */; };
		92AFAA2127C71973006B5C10 /* SceneDelegate.swift in Sources */ = {isa = PBXBuildFile; fileRef = 92AFAA2027C71973006B5C10 /* SceneDelegate.swift */; };
		92AFAA2627C71973006B5C10 /* Main.storyboard in Resources */ = {isa = PBXBuildFile; fileRef = 92AFAA2427C71973006B5C10 /* Main.storyboard */; };
		92AFAA2827C71974006B5C10 /* Assets.xcassets in Resources */ = {isa = PBXBuildFile; fileRef = 92AFAA2727C71974006B5C10 /* Assets.xcassets */; };
		92AFAA2B27C71974006B5C10 /* LaunchScreen.storyboard in Resources */ = {isa = PBXBuildFile; fileRef = 92AFAA2927C71974006B5C10 /* LaunchScreen.storyboard */; };
		92AFAA3627C71974006B5C10 /* WizgramTests.swift in Sources */ = {isa = PBXBuildFile; fileRef = 92AFAA3527C71974006B5C10 /* WizgramTests.swift */; };
		92AFAA4027C71974006B5C10 /* WizgramUITests.swift in Sources */ = {isa = PBXBuildFile; fileRef = 92AFAA3F27C71974006B5C10 /* WizgramUITests.swift */; };
		92AFAA4227C71974006B5C10 /* WizgramUITestsLaunchTests.swift in Sources */ = {isa = PBXBuildFile; fileRef = 92AFAA4127C71974006B5C10 /* WizgramUITestsLaunchTests.swift */; };
/* End PBXBuildFile section */

/* Begin PBXContainerItemProxy section */
		92AFAA3227C71974006B5C10 /* PBXContainerItemProxy */ = {
			isa = PBXContainerItemProxy;
			containerPortal = 92AFAA1327C71972006B5C10 /* Project object */;
			proxyType = 1;
			remoteGlobalIDString = 92AFAA1A27C71972006B5C10;
			remoteInfo = Wizgram;
		};
		92AFAA3C27C71974006B5C10 /* PBXContainerItemProxy */ = {
			isa = PBXContainerItemProxy;
			containerPortal = 92AFAA1327C71972006B5C10 /* Project object */;
			proxyType = 1;
			remoteGlobalIDString = 92AFAA1A27C71972006B5C10;
			remoteInfo = Wizgram;
		};
/* End PBXContainerItemProxy section */

/* Begin PBXFileReference section */
		084925CC07C211830FE7CAC8 /* Pods-Wizgram.debug.xcconfig */ = {isa = PBXFileReference; includeInIndex = 1; lastKnownFileType = text.xcconfig; name = "Pods-Wizgram.debug.xcconfig"; path = "Target Support Files/Pods-Wizgram/Pods-Wizgram.debug.xcconfig"; sourceTree = "<group>"; };
		140AA8E4655C6D362D7EC5F7 /* Pods-WizgramTests.debug.xcconfig */ = {isa = PBXFileReference; includeInIndex = 1; lastKnownFileType = text.xcconfig; name = "Pods-WizgramTests.debug.xcconfig"; path = "Target Support Files/Pods-WizgramTests/Pods-WizgramTests.debug.xcconfig"; sourceTree = "<group>"; };
		230FAAC0F7CEC9FC65F68B9D /* Pods-Wizgram.release.xcconfig */ = {isa = PBXFileReference; includeInIndex = 1; lastKnownFileType = text.xcconfig; name = "Pods-Wizgram.release.xcconfig"; path = "Target Support Files/Pods-Wizgram/Pods-Wizgram.release.xcconfig"; sourceTree = "<group>"; };
		3F2EBEF1A6042C0C84A47D7F /* Pods_WizgramTests.framework */ = {isa = PBXFileReference; explicitFileType = wrapper.framework; includeInIndex = 0; path = Pods_WizgramTests.framework; sourceTree = BUILT_PRODUCTS_DIR; };
		4F5C152CD7C350E97C2DB6D6 /* Pods_Wizgram_WizgramUITests.framework */ = {isa = PBXFileReference; explicitFileType = wrapper.framework; includeInIndex = 0; path = Pods_Wizgram_WizgramUITests.framework; sourceTree = BUILT_PRODUCTS_DIR; };
		859399E0768078B4DB979572 /* Pods-Wizgram-WizgramUITests.release.xcconfig */ = {isa = PBXFileReference; includeInIndex = 1; lastKnownFileType = text.xcconfig; name = "Pods-Wizgram-WizgramUITests.release.xcconfig"; path = "Target Support Files/Pods-Wizgram-WizgramUITests/Pods-Wizgram-WizgramUITests.release.xcconfig"; sourceTree = "<group>"; };
		927D573C27C7517B00AF9032 /* LoginViewController.swift */ = {isa = PBXFileReference; lastKnownFileType = sourcecode.swift; path = LoginViewController.swift; sourceTree = "<group>"; };
		927D573E27C7518500AF9032 /* FeedViewController.swift */ = {isa = PBXFileReference; lastKnownFileType = sourcecode.swift; path = FeedViewController.swift; sourceTree = "<group>"; };
		927D574027C75AEE00AF9032 /* PostViewController.swift */ = {isa = PBXFileReference; lastKnownFileType = sourcecode.swift; path = PostViewController.swift; sourceTree = "<group>"; };
		927D574227C77B1200AF9032 /* PostCell.swift */ = {isa = PBXFileReference; lastKnownFileType = sourcecode.swift; path = PostCell.swift; sourceTree = "<group>"; };
		92AFAA1B27C71972006B5C10 /* Wizgram.app */ = {isa = PBXFileReference; explicitFileType = wrapper.application; includeInIndex = 0; path = Wizgram.app; sourceTree = BUILT_PRODUCTS_DIR; };
		92AFAA1E27C71973006B5C10 /* AppDelegate.swift */ = {isa = PBXFileReference; lastKnownFileType = sourcecode.swift; path = AppDelegate.swift; sourceTree = "<group>"; };
		92AFAA2027C71973006B5C10 /* SceneDelegate.swift */ = {isa = PBXFileReference; lastKnownFileType = sourcecode.swift; path = SceneDelegate.swift; sourceTree = "<group>"; };
		92AFAA2527C71973006B5C10 /* Base */ = {isa = PBXFileReference; lastKnownFileType = file.storyboard; name = Base; path = Base.lproj/Main.storyboard; sourceTree = "<group>"; };
		92AFAA2727C71974006B5C10 /* Assets.xcassets */ = {isa = PBXFileReference; lastKnownFileType = folder.assetcatalog; path = Assets.xcassets; sourceTree = "<group>"; };
		92AFAA2A27C71974006B5C10 /* Base */ = {isa = PBXFileReference; lastKnownFileType = file.storyboard; name = Base; path = Base.lproj/LaunchScreen.storyboard; sourceTree = "<group>"; };
		92AFAA2C27C71974006B5C10 /* Info.plist */ = {isa = PBXFileReference; lastKnownFileType = text.plist.xml; path = Info.plist; sourceTree = "<group>"; };
		92AFAA3127C71974006B5C10 /* WizgramTests.xctest */ = {isa = PBXFileReference; explicitFileType = wrapper.cfbundle; includeInIndex = 0; path = WizgramTests.xctest; sourceTree = BUILT_PRODUCTS_DIR; };
		92AFAA3527C71974006B5C10 /* WizgramTests.swift */ = {isa = PBXFileReference; lastKnownFileType = sourcecode.swift; path = WizgramTests.swift; sourceTree = "<group>"; };
		92AFAA3B27C71974006B5C10 /* WizgramUITests.xctest */ = {isa = PBXFileReference; explicitFileType = wrapper.cfbundle; includeInIndex = 0; path = WizgramUITests.xctest; sourceTree = BUILT_PRODUCTS_DIR; };
		92AFAA3F27C71974006B5C10 /* WizgramUITests.swift */ = {isa = PBXFileReference; lastKnownFileType = sourcecode.swift; path = WizgramUITests.swift; sourceTree = "<group>"; };
		92AFAA4127C71974006B5C10 /* WizgramUITestsLaunchTests.swift */ = {isa = PBXFileReference; lastKnownFileType = sourcecode.swift; path = WizgramUITestsLaunchTests.swift; sourceTree = "<group>"; };
		96EB0811FD1821BB2D1254AD /* Pods-WizgramTests.release.xcconfig */ = {isa = PBXFileReference; includeInIndex = 1; lastKnownFileType = text.xcconfig; name = "Pods-WizgramTests.release.xcconfig"; path = "Target Support Files/Pods-WizgramTests/Pods-WizgramTests.release.xcconfig"; sourceTree = "<group>"; };
		9A15F0CBDE5DF36FCAC103C5 /* Pods_Wizgram.framework */ = {isa = PBXFileReference; explicitFileType = wrapper.framework; includeInIndex = 0; path = Pods_Wizgram.framework; sourceTree = BUILT_PRODUCTS_DIR; };
		F30C8F26B6A29E344C0CF677 /* Pods-Wizgram-WizgramUITests.debug.xcconfig */ = {isa = PBXFileReference; includeInIndex = 1; lastKnownFileType = text.xcconfig; name = "Pods-Wizgram-WizgramUITests.debug.xcconfig"; path = "Target Support Files/Pods-Wizgram-WizgramUITests/Pods-Wizgram-WizgramUITests.debug.xcconfig"; sourceTree = "<group>"; };
/* End PBXFileReference section */

/* Begin PBXFrameworksBuildPhase section */
		92AFAA1827C71972006B5C10 /* Frameworks */ = {
			isa = PBXFrameworksBuildPhase;
			buildActionMask = 2147483647;
			files = (
				04F6457838D533118886CEC9 /* Pods_Wizgram.framework in Frameworks */,
			);
			runOnlyForDeploymentPostprocessing = 0;
		};
		92AFAA2E27C71974006B5C10 /* Frameworks */ = {
			isa = PBXFrameworksBuildPhase;
			buildActionMask = 2147483647;
			files = (
				7EF82F93A3D70E803C758A90 /* Pods_WizgramTests.framework in Frameworks */,
			);
			runOnlyForDeploymentPostprocessing = 0;
		};
		92AFAA3827C71974006B5C10 /* Frameworks */ = {
			isa = PBXFrameworksBuildPhase;
			buildActionMask = 2147483647;
			files = (
				6D1FC0C6B70F4B9C8C19FD07 /* Pods_Wizgram_WizgramUITests.framework in Frameworks */,
			);
			runOnlyForDeploymentPostprocessing = 0;
		};
/* End PBXFrameworksBuildPhase section */

/* Begin PBXGroup section */
		6999C8A7672A850DE7358075 /* Frameworks */ = {
			isa = PBXGroup;
			children = (
				9A15F0CBDE5DF36FCAC103C5 /* Pods_Wizgram.framework */,
				4F5C152CD7C350E97C2DB6D6 /* Pods_Wizgram_WizgramUITests.framework */,
				3F2EBEF1A6042C0C84A47D7F /* Pods_WizgramTests.framework */,
			);
			name = Frameworks;
			sourceTree = "<group>";
		};
		6DEC57F2E43B753D22F59B8B /* Pods */ = {
			isa = PBXGroup;
			children = (
				084925CC07C211830FE7CAC8 /* Pods-Wizgram.debug.xcconfig */,
				230FAAC0F7CEC9FC65F68B9D /* Pods-Wizgram.release.xcconfig */,
				F30C8F26B6A29E344C0CF677 /* Pods-Wizgram-WizgramUITests.debug.xcconfig */,
				859399E0768078B4DB979572 /* Pods-Wizgram-WizgramUITests.release.xcconfig */,
				140AA8E4655C6D362D7EC5F7 /* Pods-WizgramTests.debug.xcconfig */,
				96EB0811FD1821BB2D1254AD /* Pods-WizgramTests.release.xcconfig */,
			);
			path = Pods;
			sourceTree = "<group>";
		};
		92AFAA1227C71972006B5C10 = {
			isa = PBXGroup;
			children = (
				92AFAA1D27C71973006B5C10 /* Wizgram */,
				92AFAA3427C71974006B5C10 /* WizgramTests */,
				92AFAA3E27C71974006B5C10 /* WizgramUITests */,
				92AFAA1C27C71972006B5C10 /* Products */,
				6DEC57F2E43B753D22F59B8B /* Pods */,
				6999C8A7672A850DE7358075 /* Frameworks */,
			);
			sourceTree = "<group>";
		};
		92AFAA1C27C71972006B5C10 /* Products */ = {
			isa = PBXGroup;
			children = (
				92AFAA1B27C71972006B5C10 /* Wizgram.app */,
				92AFAA3127C71974006B5C10 /* WizgramTests.xctest */,
				92AFAA3B27C71974006B5C10 /* WizgramUITests.xctest */,
			);
			name = Products;
			sourceTree = "<group>";
		};
		92AFAA1D27C71973006B5C10 /* Wizgram */ = {
			isa = PBXGroup;
			children = (
				92AFAA1E27C71973006B5C10 /* AppDelegate.swift */,
				92AFAA2027C71973006B5C10 /* SceneDelegate.swift */,
				92AFAA2427C71973006B5C10 /* Main.storyboard */,
				92AFAA2727C71974006B5C10 /* Assets.xcassets */,
				92AFAA2927C71974006B5C10 /* LaunchScreen.storyboard */,
				92AFAA2C27C71974006B5C10 /* Info.plist */,
				927D573C27C7517B00AF9032 /* LoginViewController.swift */,
				927D573E27C7518500AF9032 /* FeedViewController.swift */,
				927D574027C75AEE00AF9032 /* PostViewController.swift */,
				927D574227C77B1200AF9032 /* PostCell.swift */,
			);
			path = Wizgram;
			sourceTree = "<group>";
		};
		92AFAA3427C71974006B5C10 /* WizgramTests */ = {
			isa = PBXGroup;
			children = (
				92AFAA3527C71974006B5C10 /* WizgramTests.swift */,
			);
			path = WizgramTests;
			sourceTree = "<group>";
		};
		92AFAA3E27C71974006B5C10 /* WizgramUITests */ = {
			isa = PBXGroup;
			children = (
				92AFAA3F27C71974006B5C10 /* WizgramUITests.swift */,
				92AFAA4127C71974006B5C10 /* WizgramUITestsLaunchTests.swift */,
			);
			path = WizgramUITests;
			sourceTree = "<group>";
		};
/* End PBXGroup section */

/* Begin PBXNativeTarget section */
		92AFAA1A27C71972006B5C10 /* Wizgram */ = {
			isa = PBXNativeTarget;
			buildConfigurationList = 92AFAA4527C71974006B5C10 /* Build configuration list for PBXNativeTarget "Wizgram" */;
			buildPhases = (
				5C6F415FB227BD664C8BE095 /* [CP] Check Pods Manifest.lock */,
				92AFAA1727C71972006B5C10 /* Sources */,
				92AFAA1827C71972006B5C10 /* Frameworks */,
				92AFAA1927C71972006B5C10 /* Resources */,
				6436F4D02D5FBF0A2245135B /* [CP] Embed Pods Frameworks */,
			);
			buildRules = (
			);
			dependencies = (
			);
			name = Wizgram;
			productName = Wizgram;
			productReference = 92AFAA1B27C71972006B5C10 /* Wizgram.app */;
			productType = "com.apple.product-type.application";
		};
		92AFAA3027C71974006B5C10 /* WizgramTests */ = {
			isa = PBXNativeTarget;
			buildConfigurationList = 92AFAA4827C71974006B5C10 /* Build configuration list for PBXNativeTarget "WizgramTests" */;
			buildPhases = (
				1A3167E9DD5DCDAF51F604D5 /* [CP] Check Pods Manifest.lock */,
				92AFAA2D27C71974006B5C10 /* Sources */,
				92AFAA2E27C71974006B5C10 /* Frameworks */,
				92AFAA2F27C71974006B5C10 /* Resources */,
			);
			buildRules = (
			);
			dependencies = (
				92AFAA3327C71974006B5C10 /* PBXTargetDependency */,
			);
			name = WizgramTests;
			productName = WizgramTests;
			productReference = 92AFAA3127C71974006B5C10 /* WizgramTests.xctest */;
			productType = "com.apple.product-type.bundle.unit-test";
		};
		92AFAA3A27C71974006B5C10 /* WizgramUITests */ = {
			isa = PBXNativeTarget;
			buildConfigurationList = 92AFAA4B27C71974006B5C10 /* Build configuration list for PBXNativeTarget "WizgramUITests" */;
			buildPhases = (
				8008F2B189626B92682F61C7 /* [CP] Check Pods Manifest.lock */,
				92AFAA3727C71974006B5C10 /* Sources */,
				92AFAA3827C71974006B5C10 /* Frameworks */,
				92AFAA3927C71974006B5C10 /* Resources */,
				05D8E4E2CB86AAF8350E5B87 /* [CP] Embed Pods Frameworks */,
			);
			buildRules = (
			);
			dependencies = (
				92AFAA3D27C71974006B5C10 /* PBXTargetDependency */,
			);
			name = WizgramUITests;
			productName = WizgramUITests;
			productReference = 92AFAA3B27C71974006B5C10 /* WizgramUITests.xctest */;
			productType = "com.apple.product-type.bundle.ui-testing";
		};
/* End PBXNativeTarget section */

/* Begin PBXProject section */
		92AFAA1327C71972006B5C10 /* Project object */ = {
			isa = PBXProject;
			attributes = {
				BuildIndependentTargetsInParallel = 1;
				LastSwiftUpdateCheck = 1320;
				LastUpgradeCheck = 1320;
				TargetAttributes = {
					92AFAA1A27C71972006B5C10 = {
						CreatedOnToolsVersion = 13.2.1;
					};
					92AFAA3027C71974006B5C10 = {
						CreatedOnToolsVersion = 13.2.1;
						TestTargetID = 92AFAA1A27C71972006B5C10;
					};
					92AFAA3A27C71974006B5C10 = {
						CreatedOnToolsVersion = 13.2.1;
						TestTargetID = 92AFAA1A27C71972006B5C10;
					};
				};
			};
			buildConfigurationList = 92AFAA1627C71972006B5C10 /* Build configuration list for PBXProject "Wizgram" */;
			compatibilityVersion = "Xcode 13.0";
			developmentRegion = en;
			hasScannedForEncodings = 0;
			knownRegions = (
				en,
				Base,
			);
			mainGroup = 92AFAA1227C71972006B5C10;
			productRefGroup = 92AFAA1C27C71972006B5C10 /* Products */;
			projectDirPath = "";
			projectRoot = "";
			targets = (
				92AFAA1A27C71972006B5C10 /* Wizgram */,
				92AFAA3027C71974006B5C10 /* WizgramTests */,
				92AFAA3A27C71974006B5C10 /* WizgramUITests */,
			);
		};
/* End PBXProject section */

/* Begin PBXResourcesBuildPhase section */
		92AFAA1927C71972006B5C10 /* Resources */ = {
			isa = PBXResourcesBuildPhase;
			buildActionMask = 2147483647;
			files = (
				92AFAA2B27C71974006B5C10 /* LaunchScreen.storyboard in Resources */,
				92AFAA2827C71974006B5C10 /* Assets.xcassets in Resources */,
				92AFAA2627C71973006B5C10 /* Main.storyboard in Resources */,
			);
			runOnlyForDeploymentPostprocessing = 0;
		};
		92AFAA2F27C71974006B5C10 /* Resources */ = {
			isa = PBXResourcesBuildPhase;
			buildActionMask = 2147483647;
			files = (
			);
			runOnlyForDeploymentPostprocessing = 0;
		};
		92AFAA3927C71974006B5C10 /* Resources */ = {
			isa = PBXResourcesBuildPhase;
			buildActionMask = 2147483647;
			files = (
			);
			runOnlyForDeploymentPostprocessing = 0;
		};
/* End PBXResourcesBuildPhase section */

/* Begin PBXShellScriptBuildPhase section */
		05D8E4E2CB86AAF8350E5B87 /* [CP] Embed Pods Frameworks */ = {
			isa = PBXShellScriptBuildPhase;
			buildActionMask = 2147483647;
			files = (
			);
			inputFileListPaths = (
				"${PODS_ROOT}/Target Support Files/Pods-Wizgram-WizgramUITests/Pods-Wizgram-WizgramUITests-frameworks-${CONFIGURATION}-input-files.xcfilelist",
			);
			name = "[CP] Embed Pods Frameworks";
			outputFileListPaths = (
				"${PODS_ROOT}/Target Support Files/Pods-Wizgram-WizgramUITests/Pods-Wizgram-WizgramUITests-frameworks-${CONFIGURATION}-output-files.xcfilelist",
			);
			runOnlyForDeploymentPostprocessing = 0;
			shellPath = /bin/sh;
			shellScript = "\"${PODS_ROOT}/Target Support Files/Pods-Wizgram-WizgramUITests/Pods-Wizgram-WizgramUITests-frameworks.sh\"\n";
			showEnvVarsInLog = 0;
		};
		1A3167E9DD5DCDAF51F604D5 /* [CP] Check Pods Manifest.lock */ = {
			isa = PBXShellScriptBuildPhase;
			buildActionMask = 2147483647;
			files = (
			);
			inputFileListPaths = (
			);
			inputPaths = (
				"${PODS_PODFILE_DIR_PATH}/Podfile.lock",
				"${PODS_ROOT}/Manifest.lock",
			);
			name = "[CP] Check Pods Manifest.lock";
			outputFileListPaths = (
			);
			outputPaths = (
				"$(DERIVED_FILE_DIR)/Pods-WizgramTests-checkManifestLockResult.txt",
			);
			runOnlyForDeploymentPostprocessing = 0;
			shellPath = /bin/sh;
			shellScript = "diff \"${PODS_PODFILE_DIR_PATH}/Podfile.lock\" \"${PODS_ROOT}/Manifest.lock\" > /dev/null\nif [ $? != 0 ] ; then\n    # print error to STDERR\n    echo \"error: The sandbox is not in sync with the Podfile.lock. Run 'pod install' or update your CocoaPods installation.\" >&2\n    exit 1\nfi\n# This output is used by Xcode 'outputs' to avoid re-running this script phase.\necho \"SUCCESS\" > \"${SCRIPT_OUTPUT_FILE_0}\"\n";
			showEnvVarsInLog = 0;
		};
		5C6F415FB227BD664C8BE095 /* [CP] Check Pods Manifest.lock */ = {
			isa = PBXShellScriptBuildPhase;
			buildActionMask = 2147483647;
			files = (
			);
			inputFileListPaths = (
			);
			inputPaths = (
				"${PODS_PODFILE_DIR_PATH}/Podfile.lock",
				"${PODS_ROOT}/Manifest.lock",
			);
			name = "[CP] Check Pods Manifest.lock";
			outputFileListPaths = (
			);
			outputPaths = (
				"$(DERIVED_FILE_DIR)/Pods-Wizgram-checkManifestLockResult.txt",
			);
			runOnlyForDeploymentPostprocessing = 0;
			shellPath = /bin/sh;
			shellScript = "diff \"${PODS_PODFILE_DIR_PATH}/Podfile.lock\" \"${PODS_ROOT}/Manifest.lock\" > /dev/null\nif [ $? != 0 ] ; then\n    # print error to STDERR\n    echo \"error: The sandbox is not in sync with the Podfile.lock. Run 'pod install' or update your CocoaPods installation.\" >&2\n    exit 1\nfi\n# This output is used by Xcode 'outputs' to avoid re-running this script phase.\necho \"SUCCESS\" > \"${SCRIPT_OUTPUT_FILE_0}\"\n";
			showEnvVarsInLog = 0;
		};
		6436F4D02D5FBF0A2245135B /* [CP] Embed Pods Frameworks */ = {
			isa = PBXShellScriptBuildPhase;
			buildActionMask = 2147483647;
			files = (
			);
			inputFileListPaths = (
				"${PODS_ROOT}/Target Support Files/Pods-Wizgram/Pods-Wizgram-frameworks-${CONFIGURATION}-input-files.xcfilelist",
			);
			name = "[CP] Embed Pods Frameworks";
			outputFileListPaths = (
				"${PODS_ROOT}/Target Support Files/Pods-Wizgram/Pods-Wizgram-frameworks-${CONFIGURATION}-output-files.xcfilelist",
			);
			runOnlyForDeploymentPostprocessing = 0;
			shellPath = /bin/sh;
			shellScript = "\"${PODS_ROOT}/Target Support Files/Pods-Wizgram/Pods-Wizgram-frameworks.sh\"\n";
			showEnvVarsInLog = 0;
		};
		8008F2B189626B92682F61C7 /* [CP] Check Pods Manifest.lock */ = {
			isa = PBXShellScriptBuildPhase;
			buildActionMask = 2147483647;
			files = (
			);
			inputFileListPaths = (
			);
			inputPaths = (
				"${PODS_PODFILE_DIR_PATH}/Podfile.lock",
				"${PODS_ROOT}/Manifest.lock",
			);
			name = "[CP] Check Pods Manifest.lock";
			outputFileListPaths = (
			);
			outputPaths = (
				"$(DERIVED_FILE_DIR)/Pods-Wizgram-WizgramUITests-checkManifestLockResult.txt",
			);
			runOnlyForDeploymentPostprocessing = 0;
			shellPath = /bin/sh;
			shellScript = "diff \"${PODS_PODFILE_DIR_PATH}/Podfile.lock\" \"${PODS_ROOT}/Manifest.lock\" > /dev/null\nif [ $? != 0 ] ; then\n    # print error to STDERR\n    echo \"error: The sandbox is not in sync with the Podfile.lock. Run 'pod install' or update your CocoaPods installation.\" >&2\n    exit 1\nfi\n# This output is used by Xcode 'outputs' to avoid re-running this script phase.\necho \"SUCCESS\" > \"${SCRIPT_OUTPUT_FILE_0}\"\n";
			showEnvVarsInLog = 0;
		};
/* End PBXShellScriptBuildPhase section */

/* Begin PBXSourcesBuildPhase section */
		92AFAA1727C71972006B5C10 /* Sources */ = {
			isa = PBXSourcesBuildPhase;
			buildActionMask = 2147483647;
			files = (
				927D573D27C7517B00AF9032 /* LoginViewController.swift in Sources */,
				92AFAA1F27C71973006B5C10 /* AppDelegate.swift in Sources */,
				927D573F27C7518500AF9032 /* FeedViewController.swift in Sources */,
				92AFAA2127C71973006B5C10 /* SceneDelegate.swift in Sources */,
				927D574127C75AEE00AF9032 /* PostViewController.swift in Sources */,
				927D574327C77B1200AF9032 /* PostCell.swift in Sources */,
			);
			runOnlyForDeploymentPostprocessing = 0;
		};
		92AFAA2D27C71974006B5C10 /* Sources */ = {
			isa = PBXSourcesBuildPhase;
			buildActionMask = 2147483647;
			files = (
				92AFAA3627C71974006B5C10 /* WizgramTests.swift in Sources */,
			);
			runOnlyForDeploymentPostprocessing = 0;
		};
		92AFAA3727C71974006B5C10 /* Sources */ = {
			isa = PBXSourcesBuildPhase;
			buildActionMask = 2147483647;
			files = (
				92AFAA4227C71974006B5C10 /* WizgramUITestsLaunchTests.swift in Sources */,
				92AFAA4027C71974006B5C10 /* WizgramUITests.swift in Sources */,
			);
			runOnlyForDeploymentPostprocessing = 0;
		};
/* End PBXSourcesBuildPhase section */

/* Begin PBXTargetDependency section */
		92AFAA3327C71974006B5C10 /* PBXTargetDependency */ = {
			isa = PBXTargetDependency;
			target = 92AFAA1A27C71972006B5C10 /* Wizgram */;
			targetProxy = 92AFAA3227C71974006B5C10 /* PBXContainerItemProxy */;
		};
		92AFAA3D27C71974006B5C10 /* PBXTargetDependency */ = {
			isa = PBXTargetDependency;
			target = 92AFAA1A27C71972006B5C10 /* Wizgram */;
			targetProxy = 92AFAA3C27C71974006B5C10 /* PBXContainerItemProxy */;
		};
/* End PBXTargetDependency section */

/* Begin PBXVariantGroup section */
		92AFAA2427C71973006B5C10 /* Main.storyboard */ = {
			isa = PBXVariantGroup;
			children = (
				92AFAA2527C71973006B5C10 /* Base */,
			);
			name = Main.storyboard;
			sourceTree = "<group>";
		};
		92AFAA2927C71974006B5C10 /* LaunchScreen.storyboard */ = {
			isa = PBXVariantGroup;
			children = (
				92AFAA2A27C71974006B5C10 /* Base */,
			);
			name = LaunchScreen.storyboard;
			sourceTree = "<group>";
		};
/* End PBXVariantGroup section */

/* Begin XCBuildConfiguration section */
		92AFAA4327C71974006B5C10 /* Debug */ = {
			isa = XCBuildConfiguration;
			buildSettings = {
				ALWAYS_SEARCH_USER_PATHS = NO;
				CLANG_ANALYZER_NONNULL = YES;
				CLANG_ANALYZER_NUMBER_OBJECT_CONVERSION = YES_AGGRESSIVE;
				CLANG_CXX_LANGUAGE_STANDARD = "gnu++17";
				CLANG_CXX_LIBRARY = "libc++";
				CLANG_ENABLE_MODULES = YES;
				CLANG_ENABLE_OBJC_ARC = YES;
				CLANG_ENABLE_OBJC_WEAK = YES;
				CLANG_WARN_BLOCK_CAPTURE_AUTORELEASING = YES;
				CLANG_WARN_BOOL_CONVERSION = YES;
				CLANG_WARN_COMMA = YES;
				CLANG_WARN_CONSTANT_CONVERSION = YES;
				CLANG_WARN_DEPRECATED_OBJC_IMPLEMENTATIONS = YES;
				CLANG_WARN_DIRECT_OBJC_ISA_USAGE = YES_ERROR;
				CLANG_WARN_DOCUMENTATION_COMMENTS = YES;
				CLANG_WARN_EMPTY_BODY = YES;
				CLANG_WARN_ENUM_CONVERSION = YES;
				CLANG_WARN_INFINITE_RECURSION = YES;
				CLANG_WARN_INT_CONVERSION = YES;
				CLANG_WARN_NON_LITERAL_NULL_CONVERSION = YES;
				CLANG_WARN_OBJC_IMPLICIT_RETAIN_SELF = YES;
				CLANG_WARN_OBJC_LITERAL_CONVERSION = YES;
				CLANG_WARN_OBJC_ROOT_CLASS = YES_ERROR;
				CLANG_WARN_QUOTED_INCLUDE_IN_FRAMEWORK_HEADER = YES;
				CLANG_WARN_RANGE_LOOP_ANALYSIS = YES;
				CLANG_WARN_STRICT_PROTOTYPES = YES;
				CLANG_WARN_SUSPICIOUS_MOVE = YES;
				CLANG_WARN_UNGUARDED_AVAILABILITY = YES_AGGRESSIVE;
				CLANG_WARN_UNREACHABLE_CODE = YES;
				CLANG_WARN__DUPLICATE_METHOD_MATCH = YES;
				COPY_PHASE_STRIP = NO;
				DEBUG_INFORMATION_FORMAT = dwarf;
				ENABLE_STRICT_OBJC_MSGSEND = YES;
				ENABLE_TESTABILITY = YES;
				GCC_C_LANGUAGE_STANDARD = gnu11;
				GCC_DYNAMIC_NO_PIC = NO;
				GCC_NO_COMMON_BLOCKS = YES;
				GCC_OPTIMIZATION_LEVEL = 0;
				GCC_PREPROCESSOR_DEFINITIONS = (
					"DEBUG=1",
					"$(inherited)",
				);
				GCC_WARN_64_TO_32_BIT_CONVERSION = YES;
				GCC_WARN_ABOUT_RETURN_TYPE = YES_ERROR;
				GCC_WARN_UNDECLARED_SELECTOR = YES;
				GCC_WARN_UNINITIALIZED_AUTOS = YES_AGGRESSIVE;
				GCC_WARN_UNUSED_FUNCTION = YES;
				GCC_WARN_UNUSED_VARIABLE = YES;
				IPHONEOS_DEPLOYMENT_TARGET = 15.2;
				MTL_ENABLE_DEBUG_INFO = INCLUDE_SOURCE;
				MTL_FAST_MATH = YES;
				ONLY_ACTIVE_ARCH = YES;
				SDKROOT = iphoneos;
				SWIFT_ACTIVE_COMPILATION_CONDITIONS = DEBUG;
				SWIFT_OPTIMIZATION_LEVEL = "-Onone";
			};
			name = Debug;
		};
		92AFAA4427C71974006B5C10 /* Release */ = {
			isa = XCBuildConfiguration;
			buildSettings = {
				ALWAYS_SEARCH_USER_PATHS = NO;
				CLANG_ANALYZER_NONNULL = YES;
				CLANG_ANALYZER_NUMBER_OBJECT_CONVERSION = YES_AGGRESSIVE;
				CLANG_CXX_LANGUAGE_STANDARD = "gnu++17";
				CLANG_CXX_LIBRARY = "libc++";
				CLANG_ENABLE_MODULES = YES;
				CLANG_ENABLE_OBJC_ARC = YES;
				CLANG_ENABLE_OBJC_WEAK = YES;
				CLANG_WARN_BLOCK_CAPTURE_AUTORELEASING = YES;
				CLANG_WARN_BOOL_CONVERSION = YES;
				CLANG_WARN_COMMA = YES;
				CLANG_WARN_CONSTANT_CONVERSION = YES;
				CLANG_WARN_DEPRECATED_OBJC_IMPLEMENTATIONS = YES;
				CLANG_WARN_DIRECT_OBJC_ISA_USAGE = YES_ERROR;
				CLANG_WARN_DOCUMENTATION_COMMENTS = YES;
				CLANG_WARN_EMPTY_BODY = YES;
				CLANG_WARN_ENUM_CONVERSION = YES;
				CLANG_WARN_INFINITE_RECURSION = YES;
				CLANG_WARN_INT_CONVERSION = YES;
				CLANG_WARN_NON_LITERAL_NULL_CONVERSION = YES;
				CLANG_WARN_OBJC_IMPLICIT_RETAIN_SELF = YES;
				CLANG_WARN_OBJC_LITERAL_CONVERSION = YES;
				CLANG_WARN_OBJC_ROOT_CLASS = YES_ERROR;
				CLANG_WARN_QUOTED_INCLUDE_IN_FRAMEWORK_HEADER = YES;
				CLANG_WARN_RANGE_LOOP_ANALYSIS = YES;
				CLANG_WARN_STRICT_PROTOTYPES = YES;
				CLANG_WARN_SUSPICIOUS_MOVE = YES;
				CLANG_WARN_UNGUARDED_AVAILABILITY = YES_AGGRESSIVE;
				CLANG_WARN_UNREACHABLE_CODE = YES;
				CLANG_WARN__DUPLICATE_METHOD_MATCH = YES;
				COPY_PHASE_STRIP = NO;
				DEBUG_INFORMATION_FORMAT = "dwarf-with-dsym";
				ENABLE_NS_ASSERTIONS = NO;
				ENABLE_STRICT_OBJC_MSGSEND = YES;
				GCC_C_LANGUAGE_STANDARD = gnu11;
				GCC_NO_COMMON_BLOCKS = YES;
				GCC_WARN_64_TO_32_BIT_CONVERSION = YES;
				GCC_WARN_ABOUT_RETURN_TYPE = YES_ERROR;
				GCC_WARN_UNDECLARED_SELECTOR = YES;
				GCC_WARN_UNINITIALIZED_AUTOS = YES_AGGRESSIVE;
				GCC_WARN_UNUSED_FUNCTION = YES;
				GCC_WARN_UNUSED_VARIABLE = YES;
				IPHONEOS_DEPLOYMENT_TARGET = 15.2;
				MTL_ENABLE_DEBUG_INFO = NO;
				MTL_FAST_MATH = YES;
				SDKROOT = iphoneos;
				SWIFT_COMPILATION_MODE = wholemodule;
				SWIFT_OPTIMIZATION_LEVEL = "-O";
				VALIDATE_PRODUCT = YES;
			};
			name = Release;
		};
		92AFAA4627C71974006B5C10 /* Debug */ = {
			isa = XCBuildConfiguration;
			baseConfigurationReference = 084925CC07C211830FE7CAC8 /* Pods-Wizgram.debug.xcconfig */;
			buildSettings = {
				ASSETCATALOG_COMPILER_APPICON_NAME = AppIcon;
				ASSETCATALOG_COMPILER_GLOBAL_ACCENT_COLOR_NAME = AccentColor;
				CODE_SIGN_STYLE = Automatic;
				CURRENT_PROJECT_VERSION = 1;
				DEVELOPMENT_TEAM = X3Y28ZY2MG;
				GENERATE_INFOPLIST_FILE = YES;
				INFOPLIST_FILE = Wizgram/Info.plist;
				INFOPLIST_KEY_UIApplicationSupportsIndirectInputEvents = YES;
				INFOPLIST_KEY_UILaunchStoryboardName = LaunchScreen;
				INFOPLIST_KEY_UIMainStoryboardFile = Main;
				INFOPLIST_KEY_UISupportedInterfaceOrientations_iPad = "UIInterfaceOrientationPortrait UIInterfaceOrientationPortraitUpsideDown UIInterfaceOrientationLandscapeLeft UIInterfaceOrientationLandscapeRight";
				INFOPLIST_KEY_UISupportedInterfaceOrientations_iPhone = "UIInterfaceOrientationPortrait UIInterfaceOrientationLandscapeLeft UIInterfaceOrientationLandscapeRight";
				LD_RUNPATH_SEARCH_PATHS = (
					"$(inherited)",
					"@executable_path/Frameworks",
				);
				MARKETING_VERSION = 1.0;
				PRODUCT_BUNDLE_IDENTIFIER = com.dbantan.Wizgram;
				PRODUCT_NAME = "$(TARGET_NAME)";
				SWIFT_EMIT_LOC_STRINGS = YES;
				SWIFT_VERSION = 5.0;
				TARGETED_DEVICE_FAMILY = "1,2";
			};
			name = Debug;
		};
		92AFAA4727C71974006B5C10 /* Release */ = {
			isa = XCBuildConfiguration;
			baseConfigurationReference = 230FAAC0F7CEC9FC65F68B9D /* Pods-Wizgram.release.xcconfig */;
			buildSettings = {
				ASSETCATALOG_COMPILER_APPICON_NAME = AppIcon;
				ASSETCATALOG_COMPILER_GLOBAL_ACCENT_COLOR_NAME = AccentColor;
				CODE_SIGN_STYLE = Automatic;
				CURRENT_PROJECT_VERSION = 1;
				DEVELOPMENT_TEAM = X3Y28ZY2MG;
				GENERATE_INFOPLIST_FILE = YES;
				INFOPLIST_FILE = Wizgram/Info.plist;
				INFOPLIST_KEY_UIApplicationSupportsIndirectInputEvents = YES;
				INFOPLIST_KEY_UILaunchStoryboardName = LaunchScreen;
				INFOPLIST_KEY_UIMainStoryboardFile = Main;
				INFOPLIST_KEY_UISupportedInterfaceOrientations_iPad = "UIInterfaceOrientationPortrait UIInterfaceOrientationPortraitUpsideDown UIInterfaceOrientationLandscapeLeft UIInterfaceOrientationLandscapeRight";
				INFOPLIST_KEY_UISupportedInterfaceOrientations_iPhone = "UIInterfaceOrientationPortrait UIInterfaceOrientationLandscapeLeft UIInterfaceOrientationLandscapeRight";
				LD_RUNPATH_SEARCH_PATHS = (
					"$(inherited)",
					"@executable_path/Frameworks",
				);
				MARKETING_VERSION = 1.0;
				PRODUCT_BUNDLE_IDENTIFIER = com.dbantan.Wizgram;
				PRODUCT_NAME = "$(TARGET_NAME)";
				SWIFT_EMIT_LOC_STRINGS = YES;
				SWIFT_VERSION = 5.0;
				TARGETED_DEVICE_FAMILY = "1,2";
			};
			name = Release;
		};
		92AFAA4927C71974006B5C10 /* Debug */ = {
			isa = XCBuildConfiguration;
			baseConfigurationReference = 140AA8E4655C6D362D7EC5F7 /* Pods-WizgramTests.debug.xcconfig */;
			buildSettings = {
				ALWAYS_EMBED_SWIFT_STANDARD_LIBRARIES = YES;
				BUNDLE_LOADER = "$(TEST_HOST)";
				CODE_SIGN_STYLE = Automatic;
				CURRENT_PROJECT_VERSION = 1;
				DEVELOPMENT_TEAM = X3Y28ZY2MG;
				GENERATE_INFOPLIST_FILE = YES;
				IPHONEOS_DEPLOYMENT_TARGET = 15.2;
				MARKETING_VERSION = 1.0;
				PRODUCT_BUNDLE_IDENTIFIER = com.dbantan.WizgramTests;
				PRODUCT_NAME = "$(TARGET_NAME)";
				SWIFT_EMIT_LOC_STRINGS = NO;
				SWIFT_VERSION = 5.0;
				TARGETED_DEVICE_FAMILY = "1,2";
				TEST_HOST = "$(BUILT_PRODUCTS_DIR)/Wizgram.app/Wizgram";
			};
			name = Debug;
		};
		92AFAA4A27C71974006B5C10 /* Release */ = {
			isa = XCBuildConfiguration;
			baseConfigurationReference = 96EB0811FD1821BB2D1254AD /* Pods-WizgramTests.release.xcconfig */;
			buildSettings = {
				ALWAYS_EMBED_SWIFT_STANDARD_LIBRARIES = YES;
				BUNDLE_LOADER = "$(TEST_HOST)";
				CODE_SIGN_STYLE = Automatic;
				CURRENT_PROJECT_VERSION = 1;
				DEVELOPMENT_TEAM = X3Y28ZY2MG;
				GENERATE_INFOPLIST_FILE = YES;
				IPHONEOS_DEPLOYMENT_TARGET = 15.2;
				MARKETING_VERSION = 1.0;
				PRODUCT_BUNDLE_IDENTIFIER = com.dbantan.WizgramTests;
				PRODUCT_NAME = "$(TARGET_NAME)";
				SWIFT_EMIT_LOC_STRINGS = NO;
				SWIFT_VERSION = 5.0;
				TARGETED_DEVICE_FAMILY = "1,2";
				TEST_HOST = "$(BUILT_PRODUCTS_DIR)/Wizgram.app/Wizgram";
			};
			name = Release;
		};
		92AFAA4C27C71974006B5C10 /* Debug */ = {
			isa = XCBuildConfiguration;
			baseConfigurationReference = F30C8F26B6A29E344C0CF677 /* Pods-Wizgram-WizgramUITests.debug.xcconfig */;
			buildSettings = {
				ALWAYS_EMBED_SWIFT_STANDARD_LIBRARIES = YES;
				CODE_SIGN_STYLE = Automatic;
				CURRENT_PROJECT_VERSION = 1;
				DEVELOPMENT_TEAM = X3Y28ZY2MG;
				GENERATE_INFOPLIST_FILE = YES;
				MARKETING_VERSION = 1.0;
				PRODUCT_BUNDLE_IDENTIFIER = com.dbantan.WizgramUITests;
				PRODUCT_NAME = "$(TARGET_NAME)";
				SWIFT_EMIT_LOC_STRINGS = NO;
				SWIFT_VERSION = 5.0;
				TARGETED_DEVICE_FAMILY = "1,2";
				TEST_TARGET_NAME = Wizgram;
			};
			name = Debug;
		};
		92AFAA4D27C71974006B5C10 /* Release */ = {
			isa = XCBuildConfiguration;
			baseConfigurationReference = 859399E0768078B4DB979572 /* Pods-Wizgram-WizgramUITests.release.xcconfig */;
			buildSettings = {
				ALWAYS_EMBED_SWIFT_STANDARD_LIBRARIES = YES;
				CODE_SIGN_STYLE = Automatic;
				CURRENT_PROJECT_VERSION = 1;
				DEVELOPMENT_TEAM = X3Y28ZY2MG;
				GENERATE_INFOPLIST_FILE = YES;
				MARKETING_VERSION = 1.0;
				PRODUCT_BUNDLE_IDENTIFIER = com.dbantan.WizgramUITests;
				PRODUCT_NAME = "$(TARGET_NAME)";
				SWIFT_EMIT_LOC_STRINGS = NO;
				SWIFT_VERSION = 5.0;
				TARGETED_DEVICE_FAMILY = "1,2";
				TEST_TARGET_NAME = Wizgram;
			};
			name = Release;
		};
/* End XCBuildConfiguration section */

/* Begin XCConfigurationList section */
		92AFAA1627C71972006B5C10 /* Build configuration list for PBXProject "Wizgram" */ = {
			isa = XCConfigurationList;
			buildConfigurations = (
				92AFAA4327C71974006B5C10 /* Debug */,
				92AFAA4427C71974006B5C10 /* Release */,
			);
			defaultConfigurationIsVisible = 0;
			defaultConfigurationName = Release;
		};
		92AFAA4527C71974006B5C10 /* Build configuration list for PBXNativeTarget "Wizgram" */ = {
			isa = XCConfigurationList;
			buildConfigurations = (
				92AFAA4627C71974006B5C10 /* Debug */,
				92AFAA4727C71974006B5C10 /* Release */,
			);
			defaultConfigurationIsVisible = 0;
			defaultConfigurationName = Release;
		};
		92AFAA4827C71974006B5C10 /* Build configuration list for PBXNativeTarget "WizgramTests" */ = {
			isa = XCConfigurationList;
			buildConfigurations = (
				92AFAA4927C71974006B5C10 /* Debug */,
				92AFAA4A27C71974006B5C10 /* Release */,
			);
			defaultConfigurationIsVisible = 0;
			defaultConfigurationName = Release;
		};
		92AFAA4B27C71974006B5C10 /* Build configuration list for PBXNativeTarget "WizgramUITests" */ = {
			isa = XCConfigurationList;
			buildConfigurations = (
				92AFAA4C27C71974006B5C10 /* Debug */,
				92AFAA4D27C71974006B5C10 /* Release */,
			);
			defaultConfigurationIsVisible = 0;
			defaultConfigurationName = Release;
		};
/* End XCConfigurationList section */
	};
	rootObject = 92AFAA1327C71972006B5C10 /* Project object */;
}
